
Microsoft Visual Studio Solution File, Format Version 12.00
# Visual Studio Version 17
VisualStudioVersion = 17.11.35219.272
MinimumVisualStudioVersion = 10.0.40219.1
Project("{8BC9CEB8-8B4A-11D0-8D11-00A0C91BC942}") = "Lab5Task1", "Lab5Task1\Lab5Task1.vcxproj", "{D74AF88A-EE99-4E79-832F-FE01026B1926}"
EndProject
Global
	GlobalSection(SolutionConfigurationPlatforms) = preSolution
		Debug|ARM64 = Debug|ARM64
		Debug|x64 = Debug|x64
		Debug|x86 = Debug|x86
		Release|ARM64 = Release|ARM64
		Release|x64 = Release|x64
		Release|x86 = Release|x86
	EndGlobalSection
	GlobalSection(ProjectConfigurationPlatforms) = postSolution
		{D74AF88A-EE99-4E79-832F-FE01026B1926}.Debug|ARM64.ActiveCfg = Debug|ARM64
		{D74AF88A-EE99-4E79-832F-FE01026B1926}.Debug|ARM64.Build.0 = Debug|ARM64
		{D74AF88A-EE99-4E79-832F-FE01026B1926}.Debug|x64.ActiveCfg = Debug|x64
		{D74AF88A-EE99-4E79-832F-FE01026B1926}.Debug|x64.Build.0 = Debug|x64
		{D74AF88A-EE99-4E79-832F-FE01026B1926}.Debug|x86.ActiveCfg = Debug|Win32
		{D74AF88A-EE99-4E79-832F-FE01026B1926}.Debug|x86.Build.0 = Debug|Win32
		{D74AF88A-EE99-4E79-832F-FE01026B1926}.Release|ARM64.ActiveCfg = Release|ARM64
		{D74AF88A-EE99-4E79-832F-FE01026B1926}.Release|ARM64.Build.0 = Release|ARM64
		{D74AF88A-EE99-4E79-832F-FE01026B1926}.Release|x64.ActiveCfg = Release|x64
		{D74AF88A-EE99-4E79-832F-FE01026B1926}.Release|x64.Build.0 = Release|x64
		{D74AF88A-EE99-4E79-832F-FE01026B1926}.Release|x86.ActiveCfg = Release|Win32
		{D74AF88A-EE99-4E79-832F-FE01026B1926}.Release|x86.Build.0 = Release|Win32
	EndGlobalSection
	GlobalSection(SolutionProperties) = preSolution
		HideSolutionNode = FALSE
	EndGlobalSection
	GlobalSection(ExtensibilityGlobals) = postSolution
		SolutionGuid = {4D28865B-2EDB-47E5-9D24-E7E4C7DA9C6D}
	EndGlobalSection
EndGlobal
