
Microsoft Visual Studio Solution File, Format Version 12.00
# Visual Studio Version 17
VisualStudioVersion = 17.11.35219.272
MinimumVisualStudioVersion = 10.0.40219.1
Project("{8BC9CEB8-8B4A-11D0-8D11-00A0C91BC942}") = "Lab6Task1", "Lab6Task1\Lab6Task1.vcxproj", "{A2724926-6C44-4225-A63D-E145211F0155}"
EndProject
Global
	GlobalSection(SolutionConfigurationPlatforms) = preSolution
		Debug|ARM64 = Debug|ARM64
		Debug|x64 = Debug|x64
		Debug|x86 = Debug|x86
		Release|ARM64 = Release|ARM64
		Release|x64 = Release|x64
		Release|x86 = Release|x86
	EndGlobalSection
	GlobalSection(ProjectConfigurationPlatforms) = postSolution
		{A2724926-6C44-4225-A63D-E145211F0155}.Debug|ARM64.ActiveCfg = Debug|ARM64
		{A2724926-6C44-4225-A63D-E145211F0155}.Debug|ARM64.Build.0 = Debug|ARM64
		{A2724926-6C44-4225-A63D-E145211F0155}.Debug|x64.ActiveCfg = Debug|x64
		{A2724926-6C44-4225-A63D-E145211F0155}.Debug|x64.Build.0 = Debug|x64
		{A2724926-6C44-4225-A63D-E145211F0155}.Debug|x86.ActiveCfg = Debug|Win32
		{A2724926-6C44-4225-A63D-E145211F0155}.Debug|x86.Build.0 = Debug|Win32
		{A2724926-6C44-4225-A63D-E145211F0155}.Release|ARM64.ActiveCfg = Release|ARM64
		{A2724926-6C44-4225-A63D-E145211F0155}.Release|ARM64.Build.0 = Release|ARM64
		{A2724926-6C44-4225-A63D-E145211F0155}.Release|x64.ActiveCfg = Release|x64
		{A2724926-6C44-4225-A63D-E145211F0155}.Release|x64.Build.0 = Release|x64
		{A2724926-6C44-4225-A63D-E145211F0155}.Release|x86.ActiveCfg = Release|Win32
		{A2724926-6C44-4225-A63D-E145211F0155}.Release|x86.Build.0 = Release|Win32
	EndGlobalSection
	GlobalSection(SolutionProperties) = preSolution
		HideSolutionNode = FALSE
	EndGlobalSection
	GlobalSection(ExtensibilityGlobals) = postSolution
		SolutionGuid = {01380AF7-79F0-4C52-8751-88FC56408358}
	EndGlobalSection
EndGlobal
