
Microsoft Visual Studio Solution File, Format Version 12.00
# Visual Studio Version 17
VisualStudioVersion = 17.11.35219.272
MinimumVisualStudioVersion = 10.0.40219.1
Project("{8BC9CEB8-8B4A-11D0-8D11-00A0C91BC942}") = "calub_PA1", "calub_PA1\calub_PA1.vcxproj", "{43C2F3F3-C1CA-45AA-9F9D-042EFD35A40D}"
EndProject
Global
	GlobalSection(SolutionConfigurationPlatforms) = preSolution
		Debug|ARM64 = Debug|ARM64
		Debug|x64 = Debug|x64
		Debug|x86 = Debug|x86
		Release|ARM64 = Release|ARM64
		Release|x64 = Release|x64
		Release|x86 = Release|x86
	EndGlobalSection
	GlobalSection(ProjectConfigurationPlatforms) = postSolution
		{43C2F3F3-C1CA-45AA-9F9D-042EFD35A40D}.Debug|ARM64.ActiveCfg = Debug|ARM64
		{43C2F3F3-C1CA-45AA-9F9D-042EFD35A40D}.Debug|ARM64.Build.0 = Debug|ARM64
		{43C2F3F3-C1CA-45AA-9F9D-042EFD35A40D}.Debug|x64.ActiveCfg = Debug|x64
		{43C2F3F3-C1CA-45AA-9F9D-042EFD35A40D}.Debug|x64.Build.0 = Debug|x64
		{43C2F3F3-C1CA-45AA-9F9D-042EFD35A40D}.Debug|x86.ActiveCfg = Debug|Win32
		{43C2F3F3-C1CA-45AA-9F9D-042EFD35A40D}.Debug|x86.Build.0 = Debug|Win32
		{43C2F3F3-C1CA-45AA-9F9D-042EFD35A40D}.Release|ARM64.ActiveCfg = Release|ARM64
		{43C2F3F3-C1CA-45AA-9F9D-042EFD35A40D}.Release|ARM64.Build.0 = Release|ARM64
		{43C2F3F3-C1CA-45AA-9F9D-042EFD35A40D}.Release|x64.ActiveCfg = Release|x64
		{43C2F3F3-C1CA-45AA-9F9D-042EFD35A40D}.Release|x64.Build.0 = Release|x64
		{43C2F3F3-C1CA-45AA-9F9D-042EFD35A40D}.Release|x86.ActiveCfg = Release|Win32
		{43C2F3F3-C1CA-45AA-9F9D-042EFD35A40D}.Release|x86.Build.0 = Release|Win32
	EndGlobalSection
	GlobalSection(SolutionProperties) = preSolution
		HideSolutionNode = FALSE
	EndGlobalSection
	GlobalSection(ExtensibilityGlobals) = postSolution
		SolutionGuid = {49B8A5FA-9C51-4BF2-BF3F-B4D4011896A8}
	EndGlobalSection
EndGlobal
