
Microsoft Visual Studio Solution File, Format Version 12.00
# Visual Studio Version 17
VisualStudioVersion = 17.11.35219.272
MinimumVisualStudioVersion = 10.0.40219.1
Project("{8BC9CEB8-8B4A-11D0-8D11-00A0C91BC942}") = "Lab12Task1", "Lab12Task1\Lab12Task1.vcxproj", "{76A518F0-67F2-4C57-BFC8-24994D081B80}"
EndProject
Global
	GlobalSection(SolutionConfigurationPlatforms) = preSolution
		Debug|ARM64 = Debug|ARM64
		Debug|x64 = Debug|x64
		Debug|x86 = Debug|x86
		Release|ARM64 = Release|ARM64
		Release|x64 = Release|x64
		Release|x86 = Release|x86
	EndGlobalSection
	GlobalSection(ProjectConfigurationPlatforms) = postSolution
		{76A518F0-67F2-4C57-BFC8-24994D081B80}.Debug|ARM64.ActiveCfg = Debug|ARM64
		{76A518F0-67F2-4C57-BFC8-24994D081B80}.Debug|ARM64.Build.0 = Debug|ARM64
		{76A518F0-67F2-4C57-BFC8-24994D081B80}.Debug|x64.ActiveCfg = Debug|x64
		{76A518F0-67F2-4C57-BFC8-24994D081B80}.Debug|x64.Build.0 = Debug|x64
		{76A518F0-67F2-4C57-BFC8-24994D081B80}.Debug|x86.ActiveCfg = Debug|Win32
		{76A518F0-67F2-4C57-BFC8-24994D081B80}.Debug|x86.Build.0 = Debug|Win32
		{76A518F0-67F2-4C57-BFC8-24994D081B80}.Release|ARM64.ActiveCfg = Release|ARM64
		{76A518F0-67F2-4C57-BFC8-24994D081B80}.Release|ARM64.Build.0 = Release|ARM64
		{76A518F0-67F2-4C57-BFC8-24994D081B80}.Release|x64.ActiveCfg = Release|x64
		{76A518F0-67F2-4C57-BFC8-24994D081B80}.Release|x64.Build.0 = Release|x64
		{76A518F0-67F2-4C57-BFC8-24994D081B80}.Release|x86.ActiveCfg = Release|Win32
		{76A518F0-67F2-4C57-BFC8-24994D081B80}.Release|x86.Build.0 = Release|Win32
	EndGlobalSection
	GlobalSection(SolutionProperties) = preSolution
		HideSolutionNode = FALSE
	EndGlobalSection
	GlobalSection(ExtensibilityGlobals) = postSolution
		SolutionGuid = {A68D4B94-B1E4-42D1-AFE5-171627EB4C13}
	EndGlobalSection
EndGlobal
